
Microsoft Visual Studio Solution File, Format Version 12.00
# Visual Studio Version 17
VisualStudioVersion = 17.2.32519.379
MinimumVisualStudioVersion = 10.0.40219.1
Project("{FAE04EC0-301F-11D3-BF4B-00C04F79EFBC}") = "ExtractIcons", "ExtractIcons\ExtractIcons.csproj", "{BB9C61E2-D958-438D-8F27-5683C045B641}"
EndProject
Global
	GlobalSection(SolutionConfigurationPlatforms) = preSolution
		Debug|Any CPU = Debug|Any CPU
		Release|Any CPU = Release|Any CPU
	EndGlobalSection
	GlobalSection(ProjectConfigurationPlatforms) = postSolution
		{BB9C61E2-D958-438D-8F27-5683C045B641}.Debug|Any CPU.ActiveCfg = Debug|Any CPU
		{BB9C61E2-D958-438D-8F27-5683C045B641}.Debug|Any CPU.Build.0 = Debug|Any CPU
		{BB9C61E2-D958-438D-8F27-5683C045B641}.Release|Any CPU.ActiveCfg = Release|Any CPU
		{BB9C61E2-D958-438D-8F27-5683C045B641}.Release|Any CPU.Build.0 = Release|Any CPU
	EndGlobalSection
	GlobalSection(SolutionProperties) = preSolution
		HideSolutionNode = FALSE
	EndGlobalSection
	GlobalSection(ExtensibilityGlobals) = postSolution
		SolutionGuid = {D377CD64-1031-493E-BD55-3CB23447A6C0}
	EndGlobalSection
EndGlobal
